
Microsoft Visual Studio Solution File, Format Version 12.00
# Visual Studio Version 17
VisualStudioVersion = 17.7.34018.315
MinimumVisualStudioVersion = 10.0.40219.1
Project("{FAE04EC0-301F-11D3-BF4B-00C04F79EFBC}") = "Aula06", "Aula06\Aula06.csproj", "{CBBD0BBB-9BEB-4D18-8890-C56427084BF7}"
EndProject
Project("{FAE04EC0-301F-11D3-BF4B-00C04F79EFBC}") = "Aula06-HashSet", "Aula06-HashSet\Aula06-HashSet.csproj", "{ED05080E-B0E1-4FB7-8E10-A77858FEDE6E}"
EndProject
Project("{FAE04EC0-301F-11D3-BF4B-00C04F79EFBC}") = "Aula06-Exercicio1", "Aula06-Exercicio1\Aula06-Exercicio1.csproj", "{FD797918-3893-433D-B0FF-C4354AEB0DB7}"
EndProject
Project("{FAE04EC0-301F-11D3-BF4B-00C04F79EFBC}") = "Aula06-Exercicio3", "Aula06-Exercicio3\Aula06-Exercicio3.csproj", "{E24736DD-CB36-4202-BE9F-704BC67E5B97}"
EndProject
Global
	GlobalSection(SolutionConfigurationPlatforms) = preSolution
		Debug|Any CPU = Debug|Any CPU
		Release|Any CPU = Release|Any CPU
	EndGlobalSection
	GlobalSection(ProjectConfigurationPlatforms) = postSolution
		{CBBD0BBB-9BEB-4D18-8890-C56427084BF7}.Debug|Any CPU.ActiveCfg = Debug|Any CPU
		{CBBD0BBB-9BEB-4D18-8890-C56427084BF7}.Debug|Any CPU.Build.0 = Debug|Any CPU
		{CBBD0BBB-9BEB-4D18-8890-C56427084BF7}.Release|Any CPU.ActiveCfg = Release|Any CPU
		{CBBD0BBB-9BEB-4D18-8890-C56427084BF7}.Release|Any CPU.Build.0 = Release|Any CPU
		{ED05080E-B0E1-4FB7-8E10-A77858FEDE6E}.Debug|Any CPU.ActiveCfg = Debug|Any CPU
		{ED05080E-B0E1-4FB7-8E10-A77858FEDE6E}.Debug|Any CPU.Build.0 = Debug|Any CPU
		{ED05080E-B0E1-4FB7-8E10-A77858FEDE6E}.Release|Any CPU.ActiveCfg = Release|Any CPU
		{ED05080E-B0E1-4FB7-8E10-A77858FEDE6E}.Release|Any CPU.Build.0 = Release|Any CPU
		{FD797918-3893-433D-B0FF-C4354AEB0DB7}.Debug|Any CPU.ActiveCfg = Debug|Any CPU
		{FD797918-3893-433D-B0FF-C4354AEB0DB7}.Debug|Any CPU.Build.0 = Debug|Any CPU
		{FD797918-3893-433D-B0FF-C4354AEB0DB7}.Release|Any CPU.ActiveCfg = Release|Any CPU
		{FD797918-3893-433D-B0FF-C4354AEB0DB7}.Release|Any CPU.Build.0 = Release|Any CPU
		{E24736DD-CB36-4202-BE9F-704BC67E5B97}.Debug|Any CPU.ActiveCfg = Debug|Any CPU
		{E24736DD-CB36-4202-BE9F-704BC67E5B97}.Debug|Any CPU.Build.0 = Debug|Any CPU
		{E24736DD-CB36-4202-BE9F-704BC67E5B97}.Release|Any CPU.ActiveCfg = Release|Any CPU
		{E24736DD-CB36-4202-BE9F-704BC67E5B97}.Release|Any CPU.Build.0 = Release|Any CPU
	EndGlobalSection
	GlobalSection(SolutionProperties) = preSolution
		HideSolutionNode = FALSE
	EndGlobalSection
	GlobalSection(ExtensibilityGlobals) = postSolution
		SolutionGuid = {EF7CEB40-1CA4-4791-AAF6-A22AE3B1FCC3}
	EndGlobalSection
EndGlobal
