
Microsoft Visual Studio Solution File, Format Version 12.00
# Visual Studio Version 17
VisualStudioVersion = 17.7.34018.315
MinimumVisualStudioVersion = 10.0.40219.1
Project("{FAE04EC0-301F-11D3-BF4B-00C04F79EFBC}") = "Aula04-Exercicio1", "Aula04\Aula04-Exercicio1.csproj", "{A5A2056E-66B0-4275-9AD2-F886CD2740E4}"
EndProject
Project("{FAE04EC0-301F-11D3-BF4B-00C04F79EFBC}") = "Aula04-Exercicio3", "Aula04-Exercicio3\Aula04-Exercicio3.csproj", "{467ECD06-5C25-49C8-8E32-854FFCA06C87}"
EndProject
Project("{FAE04EC0-301F-11D3-BF4B-00C04F79EFBC}") = "Aula04-Exercicio5", "Aula04-Exercicio5\Aula04-Exercicio5.csproj", "{020B55A1-E8C5-4C51-82D4-3CBA6A821169}"
EndProject
Global
	GlobalSection(SolutionConfigurationPlatforms) = preSolution
		Debug|Any CPU = Debug|Any CPU
		Release|Any CPU = Release|Any CPU
	EndGlobalSection
	GlobalSection(ProjectConfigurationPlatforms) = postSolution
		{A5A2056E-66B0-4275-9AD2-F886CD2740E4}.Debug|Any CPU.ActiveCfg = Debug|Any CPU
		{A5A2056E-66B0-4275-9AD2-F886CD2740E4}.Debug|Any CPU.Build.0 = Debug|Any CPU
		{A5A2056E-66B0-4275-9AD2-F886CD2740E4}.Release|Any CPU.ActiveCfg = Release|Any CPU
		{A5A2056E-66B0-4275-9AD2-F886CD2740E4}.Release|Any CPU.Build.0 = Release|Any CPU
		{467ECD06-5C25-49C8-8E32-854FFCA06C87}.Debug|Any CPU.ActiveCfg = Debug|Any CPU
		{467ECD06-5C25-49C8-8E32-854FFCA06C87}.Debug|Any CPU.Build.0 = Debug|Any CPU
		{467ECD06-5C25-49C8-8E32-854FFCA06C87}.Release|Any CPU.ActiveCfg = Release|Any CPU
		{467ECD06-5C25-49C8-8E32-854FFCA06C87}.Release|Any CPU.Build.0 = Release|Any CPU
		{020B55A1-E8C5-4C51-82D4-3CBA6A821169}.Debug|Any CPU.ActiveCfg = Debug|Any CPU
		{020B55A1-E8C5-4C51-82D4-3CBA6A821169}.Debug|Any CPU.Build.0 = Debug|Any CPU
		{020B55A1-E8C5-4C51-82D4-3CBA6A821169}.Release|Any CPU.ActiveCfg = Release|Any CPU
		{020B55A1-E8C5-4C51-82D4-3CBA6A821169}.Release|Any CPU.Build.0 = Release|Any CPU
	EndGlobalSection
	GlobalSection(SolutionProperties) = preSolution
		HideSolutionNode = FALSE
	EndGlobalSection
	GlobalSection(ExtensibilityGlobals) = postSolution
		SolutionGuid = {ABC388EB-B1BA-4592-ACAD-8647566F0201}
	EndGlobalSection
EndGlobal
